<?xml version="1.0" encoding="utf-8"?>
<Project ToolsVersion="4.0" xmlns="http://schemas.microsoft.com/developer/msbuild/2003">
  <ItemGroup>
    <Filter Include="Source Files">
      <UniqueIdentifier>{4FC737F1-C7A5-4376-A066-2A32D752A2FF}</UniqueIdentifier>
      <Extensions>cpp;c;cc;cxx;c++;cppm;ixx;def;odl;idl;hpj;bat;asm;asmx</Extensions>
    </Filter>
    <Filter Include="Resource Files">
      <UniqueIdentifier>{67DA6AB6-F800-4c08-8B7A-83BB121AAD01}</UniqueIdentifier>
      <Extensions>rc;ico;cur;bmp;dlg;rc2;rct;bin;rgs;gif;jpg;jpeg;jpe;resx;tiff;tif;png;wav;mfcribbon-ms</Extensions>
    </Filter>
    <Filter Include="Source Files\Math">
      <UniqueIdentifier>{1e8ea25d-db7d-479b-9f84-5294c1454684}</UniqueIdentifier>
    </Filter>
    <Filter Include="Source Files\Util">
      <UniqueIdentifier>{8b65c850-125e-4d3d-af86-781de6d87e7f}</UniqueIdentifier>
    </Filter>
    <Filter Include="Source Files\Platform">
      <UniqueIdentifier>{6296f168-9537-4e1e-82ff-bf8a77c9e081}</UniqueIdentifier>
    </Filter>
    <Filter Include="Source Files\GFX">
      <UniqueIdentifier>{a708eb5c-db6b-4edf-8664-50ec86a9dc0b}</UniqueIdentifier>
    </Filter>
    <Filter Include="Shaders">
      <UniqueIdentifier>{ae70e95c-493d-4b46-9ce7-c55037064b86}</UniqueIdentifier>
    </Filter>
  </ItemGroup>
  <ItemGroup>
    <ClCompile Include="Source\main.cpp">
      <Filter>Source Files</Filter>
    </ClCompile>
    <ClCompile Include="Source\Platform\Window.cpp">
      <Filter>Source Files\Platform</Filter>
    </ClCompile>
    <ClCompile Include="Source\Platform\Input.cpp">
      <Filter>Source Files\Platform</Filter>
    </ClCompile>
    <ClCompile Include="Source\Util\Configuration.cpp">
      <Filter>Source Files\Util</Filter>
    </ClCompile>
    <ClCompile Include="Source\Platform\Platform.cpp">
      <Filter>Source Files\Platform</Filter>
    </ClCompile>
    <ClCompile Include="Source\Util\Time.cpp">
      <Filter>Source Files\Util</Filter>
    </ClCompile>
    <ClCompile Include="Source\Platform\Instance.cpp">
      <Filter>Source Files\Platform</Filter>
    </ClCompile>
    <ClCompile Include="Source\Platform\Device.cpp">
      <Filter>Source Files\Platform</Filter>
    </ClCompile>
    <ClCompile Include="Source\Platform\Swapchain.cpp">
      <Filter>Source Files\Platform</Filter>
    </ClCompile>
    <ClCompile Include="Source\GFX\RenderPass.cpp">
      <Filter>Source Files\GFX</Filter>
    </ClCompile>
    <ClCompile Include="Source\GFX\Renderer.cpp">
      <Filter>Source Files\GFX</Filter>
    </ClCompile>
    <ClCompile Include="Source\GFX\RenderTarget.cpp">
      <Filter>Source Files\GFX</Filter>
    </ClCompile>
    <ClCompile Include="Source\GFX\Pipeline.cpp">
      <Filter>Source Files\GFX</Filter>
    </ClCompile>
    <ClCompile Include="Source\Util\File.cpp">
      <Filter>Source Files\Util</Filter>
    </ClCompile>
    <ClCompile Include="Source\GFX\GraphicsPipeline.cpp">
      <Filter>Source Files\GFX</Filter>
    </ClCompile>
    <ClCompile Include="Source\GFX\TriangleRenderer.cpp">
      <Filter>Source Files\GFX</Filter>
    </ClCompile>
    <ClCompile Include="Source\Util\Arena.cpp">
      <Filter>Source Files\Util</Filter>
    </ClCompile>
    <ClCompile Include="Source\GFX\Buffer.cpp">
      <Filter>Source Files\GFX</Filter>
    </ClCompile>
    <ClCompile Include="Source\GFX\Vertex.cpp">
      <Filter>Source Files\GFX</Filter>
    </ClCompile>
    <ClCompile Include="Source\GFX\Descriptors.cpp">
      <Filter>Source Files\GFX</Filter>
    </ClCompile>
    <ClCompile Include="Source\GFX\Texture.cpp">
      <Filter>Source Files\GFX</Filter>
    </ClCompile>
    <ClCompile Include="Source\GFX\ComputePipeline.cpp">
      <Filter>Source Files\GFX</Filter>
    </ClCompile>
  </ItemGroup>
  <ItemGroup>
    <ClInclude Include="Source\Math\Math.h">
      <Filter>Source Files\Math</Filter>
    </ClInclude>
    <ClInclude Include="Source\Util\Result.h">
      <Filter>Source Files\Util</Filter>
    </ClInclude>
    <ClInclude Include="Source\Util\Types.h">
      <Filter>Source Files\Util</Filter>
    </ClInclude>
    <ClInclude Include="Source\Util\Std.h">
      <Filter>Source Files\Util</Filter>
    </ClInclude>
    <ClInclude Include="Source\Math\TypeVec.h">
      <Filter>Source Files\Math</Filter>
    </ClInclude>
    <ClInclude Include="Source\Math\Common.h">
      <Filter>Source Files\Math</Filter>
    </ClInclude>
    <ClInclude Include="Source\Math\Swizzle.h">
      <Filter>Source Files\Math</Filter>
    </ClInclude>
    <ClInclude Include="Source\Math\TypeVec2.h">
      <Filter>Source Files\Math</Filter>
    </ClInclude>
    <ClInclude Include="Source\Math\TypeVec3.h">
      <Filter>Source Files\Math</Filter>
    </ClInclude>
    <ClInclude Include="Source\Math\TypeVec4.h">
      <Filter>Source Files\Math</Filter>
    </ClInclude>
    <ClInclude Include="Source\Math\TypeMat.h">
      <Filter>Source Files\Math</Filter>
    </ClInclude>
    <ClInclude Include="Source\Platform\Platform.h">
      <Filter>Source Files\Platform</Filter>
    </ClInclude>
    <ClInclude Include="Source\Platform\Window.h">
      <Filter>Source Files\Platform</Filter>
    </ClInclude>
    <ClInclude Include="Source\Util\Math.h">
      <Filter>Source Files\Util</Filter>
    </ClInclude>
    <ClInclude Include="Source\Platform\Input.h">
      <Filter>Source Files\Platform</Filter>
    </ClInclude>
    <ClInclude Include="Source\Util\Configuration.h">
      <Filter>Source Files\Util</Filter>
    </ClInclude>
    <ClInclude Include="Source\Util\Log.h">
      <Filter>Source Files\Util</Filter>
    </ClInclude>
    <ClInclude Include="Source\State.h">
      <Filter>Source Files</Filter>
    </ClInclude>
    <ClInclude Include="Source\Util\Time.h">
      <Filter>Source Files\Util</Filter>
    </ClInclude>
    <ClInclude Include="Source\Platform\Instance.h">
      <Filter>Source Files\Platform</Filter>
    </ClInclude>
    <ClInclude Include="Source\Util\Vulkan.h">
      <Filter>Source Files\Util</Filter>
    </ClInclude>
    <ClInclude Include="Source\Platform\Device.h">
      <Filter>Source Files\Platform</Filter>
    </ClInclude>
    <ClInclude Include="Source\Platform\Swapchain.h">
      <Filter>Source Files\Platform</Filter>
    </ClInclude>
    <ClInclude Include="Source\Util\GLFW.h">
      <Filter>Source Files\Util</Filter>
    </ClInclude>
    <ClInclude Include="Source\GFX\Renderer.h">
      <Filter>Source Files\GFX</Filter>
    </ClInclude>
    <ClInclude Include="Source\GFX\RenderPass.h">
      <Filter>Source Files\GFX</Filter>
    </ClInclude>
    <ClInclude Include="Source\GFX\RenderTarget.h">
      <Filter>Source Files\GFX</Filter>
    </ClInclude>
    <ClInclude Include="Source\GFX\Pipeline.h">
      <Filter>Source Files\GFX</Filter>
    </ClInclude>
    <ClInclude Include="Source\Util\File.h">
      <Filter>Source Files\Util</Filter>
    </ClInclude>
    <ClInclude Include="Source\GFX\GraphicsPipeline.h">
      <Filter>Source Files\GFX</Filter>
    </ClInclude>
    <ClInclude Include="Source\GFX\Vertex.h">
      <Filter>Source Files\GFX</Filter>
    </ClInclude>
    <ClInclude Include="Source\GFX\TriangleRenderer.h">
      <Filter>Source Files\GFX</Filter>
    </ClInclude>
    <ClInclude Include="Source\Util\Arena.h">
      <Filter>Source Files\Util</Filter>
    </ClInclude>
    <ClInclude Include="Source\GFX\Buffer.h">
      <Filter>Source Files\GFX</Filter>
    </ClInclude>
    <ClInclude Include="Source\GFX\Descriptors.h">
      <Filter>Source Files\GFX</Filter>
    </ClInclude>
    <ClInclude Include="Source\GFX\Texture.h">
      <Filter>Source Files\GFX</Filter>
    </ClInclude>
    <ClInclude Include="Source\GFX\ComputePipeline.h">
      <Filter>Source Files\GFX</Filter>
    </ClInclude>
    <ClInclude Include="Source\Math\TypeMat2.h">
      <Filter>Source Files\Math</Filter>
    </ClInclude>
    <ClInclude Include="Source\Math\TypeMat2x3.h">
      <Filter>Source Files\Math</Filter>
    </ClInclude>
    <ClInclude Include="Source\Math\TypeMat3x2.h">
      <Filter>Source Files\Math</Filter>
    </ClInclude>
    <ClInclude Include="Source\Math\TypeMat3.h">
      <Filter>Source Files\Math</Filter>
    </ClInclude>
    <ClInclude Include="Source\Math\TypeMat2x4.h">
      <Filter>Source Files\Math</Filter>
    </ClInclude>
    <ClInclude Include="Source\Math\TypeMat4x2.h">
      <Filter>Source Files\Math</Filter>
    </ClInclude>
    <ClInclude Include="Source\Math\TypeMat3x4.h">
      <Filter>Source Files\Math</Filter>
    </ClInclude>
    <ClInclude Include="Source\Math\TypeMat4x3.h">
      <Filter>Source Files\Math</Filter>
    </ClInclude>
    <ClInclude Include="Source\Math\TypeMat4.h">
      <Filter>Source Files\Math</Filter>
    </ClInclude>
    <ClInclude Include="Source\Math\Transform.h">
      <Filter>Source Files\Math</Filter>
    </ClInclude>
  </ItemGroup>
  <ItemGroup>
    <None Include="Resources\config.toml">
      <Filter>Resource Files</Filter>
    </None>
    <None Include="Shaders\simple.vert">
      <Filter>Shaders</Filter>
    </None>
    <None Include="Shaders\simple.frag">
      <Filter>Shaders</Filter>
    </None>
  </ItemGroup>
</Project>